
Microsoft Visual Studio Solution File, Format Version 12.00
# Visual Studio 2013
VisualStudioVersion = 12.0.30501.0
MinimumVisualStudioVersion = 10.0.40219.1
Project("{2150E333-8FDC-42A3-9474-1A3956D46DE8}") = "Engine", "Engine", "{D82B1D90-37A6-4610-A46D-F9F104F33BD4}"
EndProject
Project("{2150E333-8FDC-42A3-9474-1A3956D46DE8}") = "Games", "Games", "{35C21DC0-C021-49EF-A484-3450C643BE0C}"
EndProject
Project("{8BC9CEB8-8B4A-11D0-8D11-00A0C91BC942}") = "machines", "Intermediate\ProjectFiles\machines.vcxproj", "{3CC9D97D-4037-4980-9868-AEAC03AD8CBA}"
EndProject
Project("{8BC9CEB8-8B4A-11D0-8D11-00A0C91BC942}") = "UE4", "Intermediate\ProjectFiles\UE4.vcxproj", "{23D1A3E9-02C5-4BD5-A243-E9F956A09630}"
EndProject
Global
	GlobalSection(SolutionConfigurationPlatforms) = preSolution
		DebugGame Editor|Windows = DebugGame Editor|Windows
		DebugGame|Windows = DebugGame|Windows
		Development Editor|Windows = Development Editor|Windows
		Development|Windows = Development|Windows
		Shipping|Windows = Shipping|Windows
	EndGlobalSection
	GlobalSection(ProjectConfigurationPlatforms) = postSolution
		{3CC9D97D-4037-4980-9868-AEAC03AD8CBA}.DebugGame Editor|Windows.ActiveCfg = DebugGame_Editor|x64
		{3CC9D97D-4037-4980-9868-AEAC03AD8CBA}.DebugGame Editor|Windows.Build.0 = DebugGame_Editor|x64
		{3CC9D97D-4037-4980-9868-AEAC03AD8CBA}.DebugGame|Windows.ActiveCfg = DebugGame_Game|x64
		{3CC9D97D-4037-4980-9868-AEAC03AD8CBA}.DebugGame|Windows.Build.0 = DebugGame_Game|x64
		{3CC9D97D-4037-4980-9868-AEAC03AD8CBA}.Development Editor|Windows.ActiveCfg = Development_Editor|x64
		{3CC9D97D-4037-4980-9868-AEAC03AD8CBA}.Development Editor|Windows.Build.0 = Development_Editor|x64
		{3CC9D97D-4037-4980-9868-AEAC03AD8CBA}.Development|Windows.ActiveCfg = Development_Game|x64
		{3CC9D97D-4037-4980-9868-AEAC03AD8CBA}.Development|Windows.Build.0 = Development_Game|x64
		{3CC9D97D-4037-4980-9868-AEAC03AD8CBA}.Shipping|Windows.ActiveCfg = Shipping_Game|Win32
		{3CC9D97D-4037-4980-9868-AEAC03AD8CBA}.Shipping|Windows.Build.0 = Shipping_Game|Win32
		{23D1A3E9-02C5-4BD5-A243-E9F956A09630}.DebugGame Editor|Windows.ActiveCfg = BuiltWithUnrealBuildTool|Win32
		{23D1A3E9-02C5-4BD5-A243-E9F956A09630}.DebugGame|Windows.ActiveCfg = BuiltWithUnrealBuildTool|Win32
		{23D1A3E9-02C5-4BD5-A243-E9F956A09630}.Development Editor|Windows.ActiveCfg = BuiltWithUnrealBuildTool|Win32
		{23D1A3E9-02C5-4BD5-A243-E9F956A09630}.Development|Windows.ActiveCfg = BuiltWithUnrealBuildTool|Win32
		{23D1A3E9-02C5-4BD5-A243-E9F956A09630}.Shipping|Windows.ActiveCfg = BuiltWithUnrealBuildTool|Win32
	EndGlobalSection
	GlobalSection(SolutionProperties) = preSolution
		HideSolutionNode = FALSE
	EndGlobalSection
	GlobalSection(NestedProjects) = preSolution
		{3CC9D97D-4037-4980-9868-AEAC03AD8CBA} = {35C21DC0-C021-49EF-A484-3450C643BE0C}
		{23D1A3E9-02C5-4BD5-A243-E9F956A09630} = {D82B1D90-37A6-4610-A46D-F9F104F33BD4}
	EndGlobalSection
EndGlobal
